// !$*UTF8*$!
{
	archiveVersion = 1;
	classes = {
	};
	objectVersion = 55;
	objects = {

/* Begin PBXBuildFile section */
		7630D1D32802BA3D00C92C99 /* NotificationHandler.swift in Sources */ = {isa = PBXBuildFile; fileRef = 7630D1D22802BA3D00C92C99 /* NotificationHandler.swift */; };
		7630D1D52802BCD400C92C99 /* GroupsView.swift in Sources */ = {isa = PBXBuildFile; fileRef = 7630D1D42802BCD400C92C99 /* GroupsView.swift */; };
		CBE266702801FF1900E24EC1 /* catchupApp.swift in Sources */ = {isa = PBXBuildFile; fileRef = CBE2666F2801FF1900E24EC1 /* catchupApp.swift */; };
		CBE266722801FF1900E24EC1 /* ContentView.swift in Sources */ = {isa = PBXBuildFile; fileRef = CBE266712801FF1900E24EC1 /* ContentView.swift */; };
		CBE266742801FF1F00E24EC1 /* Assets.xcassets in Resources */ = {isa = PBXBuildFile; fileRef = CBE266732801FF1F00E24EC1 /* Assets.xcassets */; };
		CBE266772801FF1F00E24EC1 /* Preview Assets.xcassets in Resources */ = {isa = PBXBuildFile; fileRef = CBE266762801FF1F00E24EC1 /* Preview Assets.xcassets */; };
		CBE266812801FF2000E24EC1 /* catchupTests.swift in Sources */ = {isa = PBXBuildFile; fileRef = CBE266802801FF2000E24EC1 /* catchupTests.swift */; };
		CBE2668B2801FF2000E24EC1 /* catchupUITests.swift in Sources */ = {isa = PBXBuildFile; fileRef = CBE2668A2801FF2000E24EC1 /* catchupUITests.swift */; };
		CBE2668D2801FF2000E24EC1 /* catchupUITestsLaunchTests.swift in Sources */ = {isa = PBXBuildFile; fileRef = CBE2668C2801FF2000E24EC1 /* catchupUITestsLaunchTests.swift */; };
		CBE2669D2802125C00E24EC1 /* LaunchScreen.storyboard in Resources */ = {isa = PBXBuildFile; fileRef = CBE2669C2802125C00E24EC1 /* LaunchScreen.storyboard */; };
		CBE266A42802611C00E24EC1 /* personModel.swift in Sources */ = {isa = PBXBuildFile; fileRef = CBE266A32802611C00E24EC1 /* personModel.swift */; };
		CBE266AC280262A400E24EC1 /* AddView.swift in Sources */ = {isa = PBXBuildFile; fileRef = CBE266AB280262A400E24EC1 /* AddView.swift */; };
		CBE266AE280262D800E24EC1 /* ListRowView.swift in Sources */ = {isa = PBXBuildFile; fileRef = CBE266AD280262D800E24EC1 /* ListRowView.swift */; };
		CBE266B02802631200E24EC1 /* ListView.swift in Sources */ = {isa = PBXBuildFile; fileRef = CBE266AF2802631200E24EC1 /* ListView.swift */; };
		CBE266B42802760600E24EC1 /* ListViewFile.swift in Sources */ = {isa = PBXBuildFile; fileRef = CBE266B32802760600E24EC1 /* ListViewFile.swift */; };
		CBE266B62802D79D00E24EC1 /* GroupsRowView.swift in Sources */ = {isa = PBXBuildFile; fileRef = CBE266B52802D79C00E24EC1 /* GroupsRowView.swift */; };
/* End PBXBuildFile section */

/* Begin PBXContainerItemProxy section */
		CBE2667D2801FF2000E24EC1 /* PBXContainerItemProxy */ = {
			isa = PBXContainerItemProxy;
			containerPortal = CBE266642801FF1900E24EC1 /* Project object */;
			proxyType = 1;
			remoteGlobalIDString = CBE2666B2801FF1900E24EC1;
			remoteInfo = catchup;
		};
		CBE266872801FF2000E24EC1 /* PBXContainerItemProxy */ = {
			isa = PBXContainerItemProxy;
			containerPortal = CBE266642801FF1900E24EC1 /* Project object */;
			proxyType = 1;
			remoteGlobalIDString = CBE2666B2801FF1900E24EC1;
			remoteInfo = catchup;
		};
/* End PBXContainerItemProxy section */

/* Begin PBXFileReference section */
		7630D1D22802BA3D00C92C99 /* NotificationHandler.swift */ = {isa = PBXFileReference; lastKnownFileType = sourcecode.swift; path = NotificationHandler.swift; sourceTree = "<group>"; };
		7630D1D42802BCD400C92C99 /* GroupsView.swift */ = {isa = PBXFileReference; lastKnownFileType = sourcecode.swift; path = GroupsView.swift; sourceTree = "<group>"; };
		CBE2666C2801FF1900E24EC1 /* catchup.app */ = {isa = PBXFileReference; explicitFileType = wrapper.application; includeInIndex = 0; path = catchup.app; sourceTree = BUILT_PRODUCTS_DIR; };
		CBE2666F2801FF1900E24EC1 /* catchupApp.swift */ = {isa = PBXFileReference; lastKnownFileType = sourcecode.swift; path = catchupApp.swift; sourceTree = "<group>"; };
		CBE266712801FF1900E24EC1 /* ContentView.swift */ = {isa = PBXFileReference; lastKnownFileType = sourcecode.swift; path = ContentView.swift; sourceTree = "<group>"; };
		CBE266732801FF1F00E24EC1 /* Assets.xcassets */ = {isa = PBXFileReference; lastKnownFileType = folder.assetcatalog; path = Assets.xcassets; sourceTree = "<group>"; };
		CBE266762801FF1F00E24EC1 /* Preview Assets.xcassets */ = {isa = PBXFileReference; lastKnownFileType = folder.assetcatalog; path = "Preview Assets.xcassets"; sourceTree = "<group>"; };
		CBE2667C2801FF2000E24EC1 /* catchupTests.xctest */ = {isa = PBXFileReference; explicitFileType = wrapper.cfbundle; includeInIndex = 0; path = catchupTests.xctest; sourceTree = BUILT_PRODUCTS_DIR; };
		CBE266802801FF2000E24EC1 /* catchupTests.swift */ = {isa = PBXFileReference; lastKnownFileType = sourcecode.swift; path = catchupTests.swift; sourceTree = "<group>"; };
		CBE266862801FF2000E24EC1 /* catchupUITests.xctest */ = {isa = PBXFileReference; explicitFileType = wrapper.cfbundle; includeInIndex = 0; path = catchupUITests.xctest; sourceTree = BUILT_PRODUCTS_DIR; };
		CBE2668A2801FF2000E24EC1 /* catchupUITests.swift */ = {isa = PBXFileReference; lastKnownFileType = sourcecode.swift; path = catchupUITests.swift; sourceTree = "<group>"; };
		CBE2668C2801FF2000E24EC1 /* catchupUITestsLaunchTests.swift */ = {isa = PBXFileReference; lastKnownFileType = sourcecode.swift; path = catchupUITestsLaunchTests.swift; sourceTree = "<group>"; };
		CBE2669928020A1700E24EC1 /* Info.plist */ = {isa = PBXFileReference; lastKnownFileType = text.plist.xml; path = Info.plist; sourceTree = "<group>"; };
		CBE2669C2802125C00E24EC1 /* LaunchScreen.storyboard */ = {isa = PBXFileReference; lastKnownFileType = file.storyboard; path = LaunchScreen.storyboard; sourceTree = "<group>"; };
		CBE266A32802611C00E24EC1 /* personModel.swift */ = {isa = PBXFileReference; lastKnownFileType = sourcecode.swift; path = personModel.swift; sourceTree = "<group>"; };
		CBE266AB280262A400E24EC1 /* AddView.swift */ = {isa = PBXFileReference; lastKnownFileType = sourcecode.swift; path = AddView.swift; sourceTree = "<group>"; };
		CBE266AD280262D800E24EC1 /* ListRowView.swift */ = {isa = PBXFileReference; lastKnownFileType = sourcecode.swift; path = ListRowView.swift; sourceTree = "<group>"; };
		CBE266AF2802631200E24EC1 /* ListView.swift */ = {isa = PBXFileReference; lastKnownFileType = sourcecode.swift; path = ListView.swift; sourceTree = "<group>"; };
		CBE266B32802760600E24EC1 /* ListViewFile.swift */ = {isa = PBXFileReference; lastKnownFileType = sourcecode.swift; path = ListViewFile.swift; sourceTree = "<group>"; };
		CBE266B52802D79C00E24EC1 /* GroupsRowView.swift */ = {isa = PBXFileReference; lastKnownFileType = sourcecode.swift; path = GroupsRowView.swift; sourceTree = "<group>"; };
/* End PBXFileReference section */

/* Begin PBXFrameworksBuildPhase section */
		CBE266692801FF1900E24EC1 /* Frameworks */ = {
			isa = PBXFrameworksBuildPhase;
			buildActionMask = 2147483647;
			files = (
			);
			runOnlyForDeploymentPostprocessing = 0;
		};
		CBE266792801FF2000E24EC1 /* Frameworks */ = {
			isa = PBXFrameworksBuildPhase;
			buildActionMask = 2147483647;
			files = (
			);
			runOnlyForDeploymentPostprocessing = 0;
		};
		CBE266832801FF2000E24EC1 /* Frameworks */ = {
			isa = PBXFrameworksBuildPhase;
			buildActionMask = 2147483647;
			files = (
			);
			runOnlyForDeploymentPostprocessing = 0;
		};
/* End PBXFrameworksBuildPhase section */

/* Begin PBXGroup section */
		CBE266632801FF1900E24EC1 = {
			isa = PBXGroup;
			children = (
				CBE2666E2801FF1900E24EC1 /* catchup */,
				CBE2667F2801FF2000E24EC1 /* catchupTests */,
				CBE266892801FF2000E24EC1 /* catchupUITests */,
				CBE2666D2801FF1900E24EC1 /* Products */,
			);
			sourceTree = "<group>";
		};
		CBE2666D2801FF1900E24EC1 /* Products */ = {
			isa = PBXGroup;
			children = (
				CBE2666C2801FF1900E24EC1 /* catchup.app */,
				CBE2667C2801FF2000E24EC1 /* catchupTests.xctest */,
				CBE266862801FF2000E24EC1 /* catchupUITests.xctest */,
			);
			name = Products;
			sourceTree = "<group>";
		};
		CBE2666E2801FF1900E24EC1 /* catchup */ = {
			isa = PBXGroup;
			children = (
				CBE2669C2802125C00E24EC1 /* LaunchScreen.storyboard */,
				CBE2666F2801FF1900E24EC1 /* catchupApp.swift */,
				CBE266712801FF1900E24EC1 /* ContentView.swift */,
				CBE2669928020A1700E24EC1 /* Info.plist */,
				CBE266732801FF1F00E24EC1 /* Assets.xcassets */,
				CBE266B2280275F500E24EC1 /* ViewModels */,
				CBE266A2280260FC00E24EC1 /* Views */,
				CBE266A0280260E200E24EC1 /* Models */,
				CBE266752801FF1F00E24EC1 /* Preview Content */,
			);
			path = catchup;
			sourceTree = "<group>";
		};
		CBE266752801FF1F00E24EC1 /* Preview Content */ = {
			isa = PBXGroup;
			children = (
				CBE266762801FF1F00E24EC1 /* Preview Assets.xcassets */,
			);
			path = "Preview Content";
			sourceTree = "<group>";
		};
		CBE2667F2801FF2000E24EC1 /* catchupTests */ = {
			isa = PBXGroup;
			children = (
				CBE266802801FF2000E24EC1 /* catchupTests.swift */,
			);
			path = catchupTests;
			sourceTree = "<group>";
		};
		CBE266892801FF2000E24EC1 /* catchupUITests */ = {
			isa = PBXGroup;
			children = (
				CBE2668A2801FF2000E24EC1 /* catchupUITests.swift */,
				CBE2668C2801FF2000E24EC1 /* catchupUITestsLaunchTests.swift */,
			);
			path = catchupUITests;
			sourceTree = "<group>";
		};
		CBE266A0280260E200E24EC1 /* Models */ = {
			isa = PBXGroup;
			children = (
				CBE266A32802611C00E24EC1 /* personModel.swift */,
			);
			path = Models;
			sourceTree = "<group>";
		};
		CBE266A2280260FC00E24EC1 /* Views */ = {
			isa = PBXGroup;
			children = (
				CBE266AB280262A400E24EC1 /* AddView.swift */,
				CBE266AD280262D800E24EC1 /* ListRowView.swift */,
				CBE266B52802D79C00E24EC1 /* GroupsRowView.swift */,
				CBE266AF2802631200E24EC1 /* ListView.swift */,
				7630D1D42802BCD400C92C99 /* GroupsView.swift */,
			);
			path = Views;
			sourceTree = "<group>";
		};
		CBE266B2280275F500E24EC1 /* ViewModels */ = {
			isa = PBXGroup;
			children = (
				CBE266B32802760600E24EC1 /* ListViewFile.swift */,
				7630D1D22802BA3D00C92C99 /* NotificationHandler.swift */,
			);
			path = ViewModels;
			sourceTree = "<group>";
		};
/* End PBXGroup section */

/* Begin PBXNativeTarget section */
		CBE2666B2801FF1900E24EC1 /* catchup */ = {
			isa = PBXNativeTarget;
			buildConfigurationList = CBE266902801FF2000E24EC1 /* Build configuration list for PBXNativeTarget "catchup" */;
			buildPhases = (
				CBE266682801FF1900E24EC1 /* Sources */,
				CBE266692801FF1900E24EC1 /* Frameworks */,
				CBE2666A2801FF1900E24EC1 /* Resources */,
			);
			buildRules = (
			);
			dependencies = (
			);
			name = catchup;
			productName = catchup;
			productReference = CBE2666C2801FF1900E24EC1 /* catchup.app */;
			productType = "com.apple.product-type.application";
		};
		CBE2667B2801FF2000E24EC1 /* catchupTests */ = {
			isa = PBXNativeTarget;
			buildConfigurationList = CBE266932801FF2000E24EC1 /* Build configuration list for PBXNativeTarget "catchupTests" */;
			buildPhases = (
				CBE266782801FF2000E24EC1 /* Sources */,
				CBE266792801FF2000E24EC1 /* Frameworks */,
				CBE2667A2801FF2000E24EC1 /* Resources */,
			);
			buildRules = (
			);
			dependencies = (
				CBE2667E2801FF2000E24EC1 /* PBXTargetDependency */,
			);
			name = catchupTests;
			productName = catchupTests;
			productReference = CBE2667C2801FF2000E24EC1 /* catchupTests.xctest */;
			productType = "com.apple.product-type.bundle.unit-test";
		};
		CBE266852801FF2000E24EC1 /* catchupUITests */ = {
			isa = PBXNativeTarget;
			buildConfigurationList = CBE266962801FF2000E24EC1 /* Build configuration list for PBXNativeTarget "catchupUITests" */;
			buildPhases = (
				CBE266822801FF2000E24EC1 /* Sources */,
				CBE266832801FF2000E24EC1 /* Frameworks */,
				CBE266842801FF2000E24EC1 /* Resources */,
			);
			buildRules = (
			);
			dependencies = (
				CBE266882801FF2000E24EC1 /* PBXTargetDependency */,
			);
			name = catchupUITests;
			productName = catchupUITests;
			productReference = CBE266862801FF2000E24EC1 /* catchupUITests.xctest */;
			productType = "com.apple.product-type.bundle.ui-testing";
		};
/* End PBXNativeTarget section */

/* Begin PBXProject section */
		CBE266642801FF1900E24EC1 /* Project object */ = {
			isa = PBXProject;
			attributes = {
				BuildIndependentTargetsInParallel = 1;
				LastSwiftUpdateCheck = 1330;
				LastUpgradeCheck = 1330;
				TargetAttributes = {
					CBE2666B2801FF1900E24EC1 = {
						CreatedOnToolsVersion = 13.3;
					};
					CBE2667B2801FF2000E24EC1 = {
						CreatedOnToolsVersion = 13.3;
						TestTargetID = CBE2666B2801FF1900E24EC1;
					};
					CBE266852801FF2000E24EC1 = {
						CreatedOnToolsVersion = 13.3;
						TestTargetID = CBE2666B2801FF1900E24EC1;
					};
				};
			};
			buildConfigurationList = CBE266672801FF1900E24EC1 /* Build configuration list for PBXProject "catchup" */;
			compatibilityVersion = "Xcode 13.0";
			developmentRegion = en;
			hasScannedForEncodings = 0;
			knownRegions = (
				en,
				Base,
			);
			mainGroup = CBE266632801FF1900E24EC1;
			productRefGroup = CBE2666D2801FF1900E24EC1 /* Products */;
			projectDirPath = "";
			projectRoot = "";
			targets = (
				CBE2666B2801FF1900E24EC1 /* catchup */,
				CBE2667B2801FF2000E24EC1 /* catchupTests */,
				CBE266852801FF2000E24EC1 /* catchupUITests */,
			);
		};
/* End PBXProject section */

/* Begin PBXResourcesBuildPhase section */
		CBE2666A2801FF1900E24EC1 /* Resources */ = {
			isa = PBXResourcesBuildPhase;
			buildActionMask = 2147483647;
			files = (
				CBE2669D2802125C00E24EC1 /* LaunchScreen.storyboard in Resources */,
				CBE266772801FF1F00E24EC1 /* Preview Assets.xcassets in Resources */,
				CBE266742801FF1F00E24EC1 /* Assets.xcassets in Resources */,
			);
			runOnlyForDeploymentPostprocessing = 0;
		};
		CBE2667A2801FF2000E24EC1 /* Resources */ = {
			isa = PBXResourcesBuildPhase;
			buildActionMask = 2147483647;
			files = (
			);
			runOnlyForDeploymentPostprocessing = 0;
		};
		CBE266842801FF2000E24EC1 /* Resources */ = {
			isa = PBXResourcesBuildPhase;
			buildActionMask = 2147483647;
			files = (
			);
			runOnlyForDeploymentPostprocessing = 0;
		};
/* End PBXResourcesBuildPhase section */

/* Begin PBXSourcesBuildPhase section */
		CBE266682801FF1900E24EC1 /* Sources */ = {
			isa = PBXSourcesBuildPhase;
			buildActionMask = 2147483647;
			files = (
				CBE266AC280262A400E24EC1 /* AddView.swift in Sources */,
				CBE266B42802760600E24EC1 /* ListViewFile.swift in Sources */,
				CBE266722801FF1900E24EC1 /* ContentView.swift in Sources */,
				CBE266B02802631200E24EC1 /* ListView.swift in Sources */,
				CBE266AE280262D800E24EC1 /* ListRowView.swift in Sources */,
				7630D1D32802BA3D00C92C99 /* NotificationHandler.swift in Sources */,
				CBE266A42802611C00E24EC1 /* personModel.swift in Sources */,
				CBE266702801FF1900E24EC1 /* catchupApp.swift in Sources */,
				7630D1D52802BCD400C92C99 /* GroupsView.swift in Sources */,
				CBE266B62802D79D00E24EC1 /* GroupsRowView.swift in Sources */,
			);
			runOnlyForDeploymentPostprocessing = 0;
		};
		CBE266782801FF2000E24EC1 /* Sources */ = {
			isa = PBXSourcesBuildPhase;
			buildActionMask = 2147483647;
			files = (
				CBE266812801FF2000E24EC1 /* catchupTests.swift in Sources */,
			);
			runOnlyForDeploymentPostprocessing = 0;
		};
		CBE266822801FF2000E24EC1 /* Sources */ = {
			isa = PBXSourcesBuildPhase;
			buildActionMask = 2147483647;
			files = (
				CBE2668B2801FF2000E24EC1 /* catchupUITests.swift in Sources */,
				CBE2668D2801FF2000E24EC1 /* catchupUITestsLaunchTests.swift in Sources */,
			);
			runOnlyForDeploymentPostprocessing = 0;
		};
/* End PBXSourcesBuildPhase section */

/* Begin PBXTargetDependency section */
		CBE2667E2801FF2000E24EC1 /* PBXTargetDependency */ = {
			isa = PBXTargetDependency;
			target = CBE2666B2801FF1900E24EC1 /* catchup */;
			targetProxy = CBE2667D2801FF2000E24EC1 /* PBXContainerItemProxy */;
		};
		CBE266882801FF2000E24EC1 /* PBXTargetDependency */ = {
			isa = PBXTargetDependency;
			target = CBE2666B2801FF1900E24EC1 /* catchup */;
			targetProxy = CBE266872801FF2000E24EC1 /* PBXContainerItemProxy */;
		};
/* End PBXTargetDependency section */

/* Begin XCBuildConfiguration section */
		CBE2668E2801FF2000E24EC1 /* Debug */ = {
			isa = XCBuildConfiguration;
			buildSettings = {
				ALWAYS_SEARCH_USER_PATHS = NO;
				CLANG_ANALYZER_NONNULL = YES;
				CLANG_ANALYZER_NUMBER_OBJECT_CONVERSION = YES_AGGRESSIVE;
				CLANG_CXX_LANGUAGE_STANDARD = "gnu++17";
				CLANG_ENABLE_MODULES = YES;
				CLANG_ENABLE_OBJC_ARC = YES;
				CLANG_ENABLE_OBJC_WEAK = YES;
				CLANG_WARN_BLOCK_CAPTURE_AUTORELEASING = YES;
				CLANG_WARN_BOOL_CONVERSION = YES;
				CLANG_WARN_COMMA = YES;
				CLANG_WARN_CONSTANT_CONVERSION = YES;
				CLANG_WARN_DEPRECATED_OBJC_IMPLEMENTATIONS = YES;
				CLANG_WARN_DIRECT_OBJC_ISA_USAGE = YES_ERROR;
				CLANG_WARN_DOCUMENTATION_COMMENTS = YES;
				CLANG_WARN_EMPTY_BODY = YES;
				CLANG_WARN_ENUM_CONVERSION = YES;
				CLANG_WARN_INFINITE_RECURSION = YES;
				CLANG_WARN_INT_CONVERSION = YES;
				CLANG_WARN_NON_LITERAL_NULL_CONVERSION = YES;
				CLANG_WARN_OBJC_IMPLICIT_RETAIN_SELF = YES;
				CLANG_WARN_OBJC_LITERAL_CONVERSION = YES;
				CLANG_WARN_OBJC_ROOT_CLASS = YES_ERROR;
				CLANG_WARN_QUOTED_INCLUDE_IN_FRAMEWORK_HEADER = YES;
				CLANG_WARN_RANGE_LOOP_ANALYSIS = YES;
				CLANG_WARN_STRICT_PROTOTYPES = YES;
				CLANG_WARN_SUSPICIOUS_MOVE = YES;
				CLANG_WARN_UNGUARDED_AVAILABILITY = YES_AGGRESSIVE;
				CLANG_WARN_UNREACHABLE_CODE = YES;
				CLANG_WARN__DUPLICATE_METHOD_MATCH = YES;
				COPY_PHASE_STRIP = NO;
				DEBUG_INFORMATION_FORMAT = dwarf;
				ENABLE_STRICT_OBJC_MSGSEND = YES;
				ENABLE_TESTABILITY = YES;
				GCC_C_LANGUAGE_STANDARD = gnu11;
				GCC_DYNAMIC_NO_PIC = NO;
				GCC_NO_COMMON_BLOCKS = YES;
				GCC_OPTIMIZATION_LEVEL = 0;
				GCC_PREPROCESSOR_DEFINITIONS = (
					"DEBUG=1",
					"$(inherited)",
				);
				GCC_WARN_64_TO_32_BIT_CONVERSION = YES;
				GCC_WARN_ABOUT_RETURN_TYPE = YES_ERROR;
				GCC_WARN_UNDECLARED_SELECTOR = YES;
				GCC_WARN_UNINITIALIZED_AUTOS = YES_AGGRESSIVE;
				GCC_WARN_UNUSED_FUNCTION = YES;
				GCC_WARN_UNUSED_VARIABLE = YES;
				IPHONEOS_DEPLOYMENT_TARGET = 15.4;
				MTL_ENABLE_DEBUG_INFO = INCLUDE_SOURCE;
				MTL_FAST_MATH = YES;
				ONLY_ACTIVE_ARCH = YES;
				SDKROOT = iphoneos;
				SWIFT_ACTIVE_COMPILATION_CONDITIONS = DEBUG;
				SWIFT_OPTIMIZATION_LEVEL = "-Onone";
			};
			name = Debug;
		};
		CBE2668F2801FF2000E24EC1 /* Release */ = {
			isa = XCBuildConfiguration;
			buildSettings = {
				ALWAYS_SEARCH_USER_PATHS = NO;
				CLANG_ANALYZER_NONNULL = YES;
				CLANG_ANALYZER_NUMBER_OBJECT_CONVERSION = YES_AGGRESSIVE;
				CLANG_CXX_LANGUAGE_STANDARD = "gnu++17";
				CLANG_ENABLE_MODULES = YES;
				CLANG_ENABLE_OBJC_ARC = YES;
				CLANG_ENABLE_OBJC_WEAK = YES;
				CLANG_WARN_BLOCK_CAPTURE_AUTORELEASING = YES;
				CLANG_WARN_BOOL_CONVERSION = YES;
				CLANG_WARN_COMMA = YES;
				CLANG_WARN_CONSTANT_CONVERSION = YES;
				CLANG_WARN_DEPRECATED_OBJC_IMPLEMENTATIONS = YES;
				CLANG_WARN_DIRECT_OBJC_ISA_USAGE = YES_ERROR;
				CLANG_WARN_DOCUMENTATION_COMMENTS = YES;
				CLANG_WARN_EMPTY_BODY = YES;
				CLANG_WARN_ENUM_CONVERSION = YES;
				CLANG_WARN_INFINITE_RECURSION = YES;
				CLANG_WARN_INT_CONVERSION = YES;
				CLANG_WARN_NON_LITERAL_NULL_CONVERSION = YES;
				CLANG_WARN_OBJC_IMPLICIT_RETAIN_SELF = YES;
				CLANG_WARN_OBJC_LITERAL_CONVERSION = YES;
				CLANG_WARN_OBJC_ROOT_CLASS = YES_ERROR;
				CLANG_WARN_QUOTED_INCLUDE_IN_FRAMEWORK_HEADER = YES;
				CLANG_WARN_RANGE_LOOP_ANALYSIS = YES;
				CLANG_WARN_STRICT_PROTOTYPES = YES;
				CLANG_WARN_SUSPICIOUS_MOVE = YES;
				CLANG_WARN_UNGUARDED_AVAILABILITY = YES_AGGRESSIVE;
				CLANG_WARN_UNREACHABLE_CODE = YES;
				CLANG_WARN__DUPLICATE_METHOD_MATCH = YES;
				COPY_PHASE_STRIP = NO;
				DEBUG_INFORMATION_FORMAT = "dwarf-with-dsym";
				ENABLE_NS_ASSERTIONS = NO;
				ENABLE_STRICT_OBJC_MSGSEND = YES;
				GCC_C_LANGUAGE_STANDARD = gnu11;
				GCC_NO_COMMON_BLOCKS = YES;
				GCC_WARN_64_TO_32_BIT_CONVERSION = YES;
				GCC_WARN_ABOUT_RETURN_TYPE = YES_ERROR;
				GCC_WARN_UNDECLARED_SELECTOR = YES;
				GCC_WARN_UNINITIALIZED_AUTOS = YES_AGGRESSIVE;
				GCC_WARN_UNUSED_FUNCTION = YES;
				GCC_WARN_UNUSED_VARIABLE = YES;
				IPHONEOS_DEPLOYMENT_TARGET = 15.4;
				MTL_ENABLE_DEBUG_INFO = NO;
				MTL_FAST_MATH = YES;
				SDKROOT = iphoneos;
				SWIFT_COMPILATION_MODE = wholemodule;
				SWIFT_OPTIMIZATION_LEVEL = "-O";
				VALIDATE_PRODUCT = YES;
			};
			name = Release;
		};
		CBE266912801FF2000E24EC1 /* Debug */ = {
			isa = XCBuildConfiguration;
			buildSettings = {
				ASSETCATALOG_COMPILER_APPICON_NAME = AppIcon;
				ASSETCATALOG_COMPILER_GLOBAL_ACCENT_COLOR_NAME = AccentColor;
				CODE_SIGN_STYLE = Automatic;
				CURRENT_PROJECT_VERSION = 1;
				DEVELOPMENT_ASSET_PATHS = "\"catchup/Preview Content\"";
				ENABLE_PREVIEWS = YES;
				GENERATE_INFOPLIST_FILE = YES;
				INFOPLIST_FILE = catchup/Info.plist;
				INFOPLIST_KEY_CFBundleDisplayName = "catch-up";
				INFOPLIST_KEY_UIApplicationSceneManifest_Generation = YES;
				INFOPLIST_KEY_UIApplicationSupportsIndirectInputEvents = YES;
				INFOPLIST_KEY_UILaunchStoryboardName = LaunchScreen;
				INFOPLIST_KEY_UISupportedInterfaceOrientations_iPad = "UIInterfaceOrientationPortrait UIInterfaceOrientationPortraitUpsideDown UIInterfaceOrientationLandscapeLeft UIInterfaceOrientationLandscapeRight";
				INFOPLIST_KEY_UISupportedInterfaceOrientations_iPhone = "UIInterfaceOrientationPortrait UIInterfaceOrientationLandscapeLeft UIInterfaceOrientationLandscapeRight";
				LD_RUNPATH_SEARCH_PATHS = (
					"$(inherited)",
					"@executable_path/Frameworks",
				);
				MARKETING_VERSION = 1.0;
				PRODUCT_BUNDLE_IDENTIFIER = com.kath.catchup.catchup;
				PRODUCT_NAME = "$(TARGET_NAME)";
				SWIFT_EMIT_LOC_STRINGS = YES;
				SWIFT_VERSION = 5.0;
				TARGETED_DEVICE_FAMILY = "1,2";
			};
			name = Debug;
		};
		CBE266922801FF2000E24EC1 /* Release */ = {
			isa = XCBuildConfiguration;
			buildSettings = {
				ASSETCATALOG_COMPILER_APPICON_NAME = AppIcon;
				ASSETCATALOG_COMPILER_GLOBAL_ACCENT_COLOR_NAME = AccentColor;
				CODE_SIGN_STYLE = Automatic;
				CURRENT_PROJECT_VERSION = 1;
				DEVELOPMENT_ASSET_PATHS = "\"catchup/Preview Content\"";
				ENABLE_PREVIEWS = YES;
				GENERATE_INFOPLIST_FILE = YES;
				INFOPLIST_FILE = catchup/Info.plist;
				INFOPLIST_KEY_CFBundleDisplayName = "catch-up";
				INFOPLIST_KEY_UIApplicationSceneManifest_Generation = YES;
				INFOPLIST_KEY_UIApplicationSupportsIndirectInputEvents = YES;
				INFOPLIST_KEY_UILaunchStoryboardName = LaunchScreen;
				INFOPLIST_KEY_UISupportedInterfaceOrientations_iPad = "UIInterfaceOrientationPortrait UIInterfaceOrientationPortraitUpsideDown UIInterfaceOrientationLandscapeLeft UIInterfaceOrientationLandscapeRight";
				INFOPLIST_KEY_UISupportedInterfaceOrientations_iPhone = "UIInterfaceOrientationPortrait UIInterfaceOrientationLandscapeLeft UIInterfaceOrientationLandscapeRight";
				LD_RUNPATH_SEARCH_PATHS = (
					"$(inherited)",
					"@executable_path/Frameworks",
				);
				MARKETING_VERSION = 1.0;
				PRODUCT_BUNDLE_IDENTIFIER = com.kath.catchup.catchup;
				PRODUCT_NAME = "$(TARGET_NAME)";
				SWIFT_EMIT_LOC_STRINGS = YES;
				SWIFT_VERSION = 5.0;
				TARGETED_DEVICE_FAMILY = "1,2";
			};
			name = Release;
		};
		CBE266942801FF2000E24EC1 /* Debug */ = {
			isa = XCBuildConfiguration;
			buildSettings = {
				ALWAYS_EMBED_SWIFT_STANDARD_LIBRARIES = YES;
				BUNDLE_LOADER = "$(TEST_HOST)";
				CODE_SIGN_STYLE = Automatic;
				CURRENT_PROJECT_VERSION = 1;
				GENERATE_INFOPLIST_FILE = YES;
				IPHONEOS_DEPLOYMENT_TARGET = 15.4;
				MARKETING_VERSION = 1.0;
				PRODUCT_BUNDLE_IDENTIFIER = com.kath.catchup.catchupTests;
				PRODUCT_NAME = "$(TARGET_NAME)";
				SWIFT_EMIT_LOC_STRINGS = NO;
				SWIFT_VERSION = 5.0;
				TARGETED_DEVICE_FAMILY = "1,2";
				TEST_HOST = "$(BUILT_PRODUCTS_DIR)/catchup.app/catchup";
			};
			name = Debug;
		};
		CBE266952801FF2000E24EC1 /* Release */ = {
			isa = XCBuildConfiguration;
			buildSettings = {
				ALWAYS_EMBED_SWIFT_STANDARD_LIBRARIES = YES;
				BUNDLE_LOADER = "$(TEST_HOST)";
				CODE_SIGN_STYLE = Automatic;
				CURRENT_PROJECT_VERSION = 1;
				GENERATE_INFOPLIST_FILE = YES;
				IPHONEOS_DEPLOYMENT_TARGET = 15.4;
				MARKETING_VERSION = 1.0;
				PRODUCT_BUNDLE_IDENTIFIER = com.kath.catchup.catchupTests;
				PRODUCT_NAME = "$(TARGET_NAME)";
				SWIFT_EMIT_LOC_STRINGS = NO;
				SWIFT_VERSION = 5.0;
				TARGETED_DEVICE_FAMILY = "1,2";
				TEST_HOST = "$(BUILT_PRODUCTS_DIR)/catchup.app/catchup";
			};
			name = Release;
		};
		CBE266972801FF2000E24EC1 /* Debug */ = {
			isa = XCBuildConfiguration;
			buildSettings = {
				ALWAYS_EMBED_SWIFT_STANDARD_LIBRARIES = YES;
				CODE_SIGN_STYLE = Automatic;
				CURRENT_PROJECT_VERSION = 1;
				GENERATE_INFOPLIST_FILE = YES;
				MARKETING_VERSION = 1.0;
				PRODUCT_BUNDLE_IDENTIFIER = com.kath.catchup.catchupUITests;
				PRODUCT_NAME = "$(TARGET_NAME)";
				SWIFT_EMIT_LOC_STRINGS = NO;
				SWIFT_VERSION = 5.0;
				TARGETED_DEVICE_FAMILY = "1,2";
				TEST_TARGET_NAME = catchup;
			};
			name = Debug;
		};
		CBE266982801FF2000E24EC1 /* Release */ = {
			isa = XCBuildConfiguration;
			buildSettings = {
				ALWAYS_EMBED_SWIFT_STANDARD_LIBRARIES = YES;
				CODE_SIGN_STYLE = Automatic;
				CURRENT_PROJECT_VERSION = 1;
				GENERATE_INFOPLIST_FILE = YES;
				MARKETING_VERSION = 1.0;
				PRODUCT_BUNDLE_IDENTIFIER = com.kath.catchup.catchupUITests;
				PRODUCT_NAME = "$(TARGET_NAME)";
				SWIFT_EMIT_LOC_STRINGS = NO;
				SWIFT_VERSION = 5.0;
				TARGETED_DEVICE_FAMILY = "1,2";
				TEST_TARGET_NAME = catchup;
			};
			name = Release;
		};
/* End XCBuildConfiguration section */

/* Begin XCConfigurationList section */
		CBE266672801FF1900E24EC1 /* Build configuration list for PBXProject "catchup" */ = {
			isa = XCConfigurationList;
			buildConfigurations = (
				CBE2668E2801FF2000E24EC1 /* Debug */,
				CBE2668F2801FF2000E24EC1 /* Release */,
			);
			defaultConfigurationIsVisible = 0;
			defaultConfigurationName = Release;
		};
		CBE266902801FF2000E24EC1 /* Build configuration list for PBXNativeTarget "catchup" */ = {
			isa = XCConfigurationList;
			buildConfigurations = (
				CBE266912801FF2000E24EC1 /* Debug */,
				CBE266922801FF2000E24EC1 /* Release */,
			);
			defaultConfigurationIsVisible = 0;
			defaultConfigurationName = Release;
		};
		CBE266932801FF2000E24EC1 /* Build configuration list for PBXNativeTarget "catchupTests" */ = {
			isa = XCConfigurationList;
			buildConfigurations = (
				CBE266942801FF2000E24EC1 /* Debug */,
				CBE266952801FF2000E24EC1 /* Release */,
			);
			defaultConfigurationIsVisible = 0;
			defaultConfigurationName = Release;
		};
		CBE266962801FF2000E24EC1 /* Build configuration list for PBXNativeTarget "catchupUITests" */ = {
			isa = XCConfigurationList;
			buildConfigurations = (
				CBE266972801FF2000E24EC1 /* Debug */,
				CBE266982801FF2000E24EC1 /* Release */,
			);
			defaultConfigurationIsVisible = 0;
			defaultConfigurationName = Release;
		};
/* End XCConfigurationList section */
	};
	rootObject = CBE266642801FF1900E24EC1 /* Project object */;
}
